
Microsoft Visual Studio Solution File, Format Version 12.00
# Visual Studio 15
VisualStudioVersion = 15.0.27703.2047
MinimumVisualStudioVersion = 10.0.40219.1
Project("{FAE04EC0-301F-11D3-BF4B-00C04F79EFBC}") = "ejercicio11", "ejercicio11\ejercicio11.csproj", "{2B5A5787-101B-46D9-BDCA-DEE9DE245AC9}"
EndProject
Global
	GlobalSection(SolutionConfigurationPlatforms) = preSolution
		Debug|Any CPU = Debug|Any CPU
		Release|Any CPU = Release|Any CPU
	EndGlobalSection
	GlobalSection(ProjectConfigurationPlatforms) = postSolution
		{2B5A5787-101B-46D9-BDCA-DEE9DE245AC9}.Debug|Any CPU.ActiveCfg = Debug|Any CPU
		{2B5A5787-101B-46D9-BDCA-DEE9DE245AC9}.Debug|Any CPU.Build.0 = Debug|Any CPU
		{2B5A5787-101B-46D9-BDCA-DEE9DE245AC9}.Release|Any CPU.ActiveCfg = Release|Any CPU
		{2B5A5787-101B-46D9-BDCA-DEE9DE245AC9}.Release|Any CPU.Build.0 = Release|Any CPU
	EndGlobalSection
	GlobalSection(SolutionProperties) = preSolution
		HideSolutionNode = FALSE
	EndGlobalSection
	GlobalSection(ExtensibilityGlobals) = postSolution
		SolutionGuid = {41E2A3FE-7E95-41E8-855E-F813D150AD36}
	EndGlobalSection
EndGlobal
