
Microsoft Visual Studio Solution File, Format Version 12.00
# Visual Studio 15
VisualStudioVersion = 15.0.27703.2047
MinimumVisualStudioVersion = 10.0.40219.1
Project("{FAE04EC0-301F-11D3-BF4B-00C04F79EFBC}") = "octavoPgm", "octavoPgm\octavoPgm.csproj", "{E4552C73-3914-4FC3-9BC2-5C8B02954644}"
EndProject
Global
	GlobalSection(SolutionConfigurationPlatforms) = preSolution
		Debug|Any CPU = Debug|Any CPU
		Release|Any CPU = Release|Any CPU
	EndGlobalSection
	GlobalSection(ProjectConfigurationPlatforms) = postSolution
		{E4552C73-3914-4FC3-9BC2-5C8B02954644}.Debug|Any CPU.ActiveCfg = Debug|Any CPU
		{E4552C73-3914-4FC3-9BC2-5C8B02954644}.Debug|Any CPU.Build.0 = Debug|Any CPU
		{E4552C73-3914-4FC3-9BC2-5C8B02954644}.Release|Any CPU.ActiveCfg = Release|Any CPU
		{E4552C73-3914-4FC3-9BC2-5C8B02954644}.Release|Any CPU.Build.0 = Release|Any CPU
	EndGlobalSection
	GlobalSection(SolutionProperties) = preSolution
		HideSolutionNode = FALSE
	EndGlobalSection
	GlobalSection(ExtensibilityGlobals) = postSolution
		SolutionGuid = {CB84D2EF-1EDA-4DBC-93EC-6E3F18D9F5BD}
	EndGlobalSection
EndGlobal
