
Microsoft Visual Studio Solution File, Format Version 12.00
# Visual Studio 15
VisualStudioVersion = 15.0.27703.2047
MinimumVisualStudioVersion = 10.0.40219.1
Project("{FAE04EC0-301F-11D3-BF4B-00C04F79EFBC}") = "ejercicio16", "ejercicio16\ejercicio16.csproj", "{BF7B27CF-F95C-4EF5-BE6E-41F8862953A0}"
EndProject
Global
	GlobalSection(SolutionConfigurationPlatforms) = preSolution
		Debug|Any CPU = Debug|Any CPU
		Release|Any CPU = Release|Any CPU
	EndGlobalSection
	GlobalSection(ProjectConfigurationPlatforms) = postSolution
		{BF7B27CF-F95C-4EF5-BE6E-41F8862953A0}.Debug|Any CPU.ActiveCfg = Debug|Any CPU
		{BF7B27CF-F95C-4EF5-BE6E-41F8862953A0}.Debug|Any CPU.Build.0 = Debug|Any CPU
		{BF7B27CF-F95C-4EF5-BE6E-41F8862953A0}.Release|Any CPU.ActiveCfg = Release|Any CPU
		{BF7B27CF-F95C-4EF5-BE6E-41F8862953A0}.Release|Any CPU.Build.0 = Release|Any CPU
	EndGlobalSection
	GlobalSection(SolutionProperties) = preSolution
		HideSolutionNode = FALSE
	EndGlobalSection
	GlobalSection(ExtensibilityGlobals) = postSolution
		SolutionGuid = {AB7E367A-B119-47A7-A2F9-551ADAF5EECE}
	EndGlobalSection
EndGlobal
