
Microsoft Visual Studio Solution File, Format Version 12.00
# Visual Studio 14
VisualStudioVersion = 14.0.25420.1
MinimumVisualStudioVersion = 10.0.40219.1
Project("{FAE04EC0-301F-11D3-BF4B-00C04F79EFBC}") = "ejercicio5CAMPUS", "ejercicio5CAMPUS\ejercicio5CAMPUS.csproj", "{83A0BAAA-5A9B-405A-BA05-0DA539099DEF}"
EndProject
Project("{FAE04EC0-301F-11D3-BF4B-00C04F79EFBC}") = "Entidades", "Entidades\Entidades.csproj", "{49B57791-F764-43E7-8415-9470D5C1DDDA}"
EndProject
Global
	GlobalSection(SolutionConfigurationPlatforms) = preSolution
		Debug|Any CPU = Debug|Any CPU
		Release|Any CPU = Release|Any CPU
	EndGlobalSection
	GlobalSection(ProjectConfigurationPlatforms) = postSolution
		{83A0BAAA-5A9B-405A-BA05-0DA539099DEF}.Debug|Any CPU.ActiveCfg = Debug|Any CPU
		{83A0BAAA-5A9B-405A-BA05-0DA539099DEF}.Debug|Any CPU.Build.0 = Debug|Any CPU
		{83A0BAAA-5A9B-405A-BA05-0DA539099DEF}.Release|Any CPU.ActiveCfg = Release|Any CPU
		{83A0BAAA-5A9B-405A-BA05-0DA539099DEF}.Release|Any CPU.Build.0 = Release|Any CPU
		{49B57791-F764-43E7-8415-9470D5C1DDDA}.Debug|Any CPU.ActiveCfg = Debug|Any CPU
		{49B57791-F764-43E7-8415-9470D5C1DDDA}.Debug|Any CPU.Build.0 = Debug|Any CPU
		{49B57791-F764-43E7-8415-9470D5C1DDDA}.Release|Any CPU.ActiveCfg = Release|Any CPU
		{49B57791-F764-43E7-8415-9470D5C1DDDA}.Release|Any CPU.Build.0 = Release|Any CPU
	EndGlobalSection
	GlobalSection(SolutionProperties) = preSolution
		HideSolutionNode = FALSE
	EndGlobalSection
	GlobalSection(ExtensibilityGlobals) = postSolution
		SolutionGuid = {50462AE3-2899-4AB9-9F3D-8C9752FE1618}
	EndGlobalSection
EndGlobal
