
Microsoft Visual Studio Solution File, Format Version 12.00
# Visual Studio 15
VisualStudioVersion = 15.0.27703.2047
MinimumVisualStudioVersion = 10.0.40219.1
Project("{FAE04EC0-301F-11D3-BF4B-00C04F79EFBC}") = "ejercicio 14", "ejercicio 14\ejercicio 14.csproj", "{E3DE03E7-EBE6-4C7E-A4DE-AE03A41A2D45}"
EndProject
Global
	GlobalSection(SolutionConfigurationPlatforms) = preSolution
		Debug|Any CPU = Debug|Any CPU
		Release|Any CPU = Release|Any CPU
	EndGlobalSection
	GlobalSection(ProjectConfigurationPlatforms) = postSolution
		{E3DE03E7-EBE6-4C7E-A4DE-AE03A41A2D45}.Debug|Any CPU.ActiveCfg = Debug|Any CPU
		{E3DE03E7-EBE6-4C7E-A4DE-AE03A41A2D45}.Debug|Any CPU.Build.0 = Debug|Any CPU
		{E3DE03E7-EBE6-4C7E-A4DE-AE03A41A2D45}.Release|Any CPU.ActiveCfg = Release|Any CPU
		{E3DE03E7-EBE6-4C7E-A4DE-AE03A41A2D45}.Release|Any CPU.Build.0 = Release|Any CPU
	EndGlobalSection
	GlobalSection(SolutionProperties) = preSolution
		HideSolutionNode = FALSE
	EndGlobalSection
	GlobalSection(ExtensibilityGlobals) = postSolution
		SolutionGuid = {C49D264E-0ED8-487E-A442-9342217367A2}
	EndGlobalSection
EndGlobal
