
Microsoft Visual Studio Solution File, Format Version 12.00
# Visual Studio 15
VisualStudioVersion = 15.0.27703.2047
MinimumVisualStudioVersion = 10.0.40219.1
Project("{FAE04EC0-301F-11D3-BF4B-00C04F79EFBC}") = "ejercicio20", "ejercicio20\ejercicio20.csproj", "{16586825-76BB-44F8-8C4B-C0C3D2BEC6D6}"
EndProject
Project("{FAE04EC0-301F-11D3-BF4B-00C04F79EFBC}") = "Entidades", "Entidades\Entidades.csproj", "{488B5C89-D9B0-490E-A40A-9824D9BF8BA7}"
EndProject
Global
	GlobalSection(SolutionConfigurationPlatforms) = preSolution
		Debug|Any CPU = Debug|Any CPU
		Release|Any CPU = Release|Any CPU
	EndGlobalSection
	GlobalSection(ProjectConfigurationPlatforms) = postSolution
		{16586825-76BB-44F8-8C4B-C0C3D2BEC6D6}.Debug|Any CPU.ActiveCfg = Debug|Any CPU
		{16586825-76BB-44F8-8C4B-C0C3D2BEC6D6}.Debug|Any CPU.Build.0 = Debug|Any CPU
		{16586825-76BB-44F8-8C4B-C0C3D2BEC6D6}.Release|Any CPU.ActiveCfg = Release|Any CPU
		{16586825-76BB-44F8-8C4B-C0C3D2BEC6D6}.Release|Any CPU.Build.0 = Release|Any CPU
		{488B5C89-D9B0-490E-A40A-9824D9BF8BA7}.Debug|Any CPU.ActiveCfg = Debug|Any CPU
		{488B5C89-D9B0-490E-A40A-9824D9BF8BA7}.Debug|Any CPU.Build.0 = Debug|Any CPU
		{488B5C89-D9B0-490E-A40A-9824D9BF8BA7}.Release|Any CPU.ActiveCfg = Release|Any CPU
		{488B5C89-D9B0-490E-A40A-9824D9BF8BA7}.Release|Any CPU.Build.0 = Release|Any CPU
	EndGlobalSection
	GlobalSection(SolutionProperties) = preSolution
		HideSolutionNode = FALSE
	EndGlobalSection
	GlobalSection(ExtensibilityGlobals) = postSolution
		SolutionGuid = {326E5A60-4986-45ED-8BA0-410EB0F901CD}
	EndGlobalSection
EndGlobal
